// !$*UTF8*$!
{
	archiveVersion = 1;
	classes = {
	};
	objectVersion = 50;
	objects = {

/* Begin PBXBuildFile section */
		1429AD202529D22000B2E0F7 /* UserStruct.swift in Sources */ = {isa = PBXBuildFile; fileRef = 1429AD1F2529D22000B2E0F7 /* UserStruct.swift */; };
		1429AD232529D23400B2E0F7 /* GroupStruct.swift in Sources */ = {isa = PBXBuildFile; fileRef = 1429AD222529D23400B2E0F7 /* GroupStruct.swift */; };
		14373937251FAEC400976D0B /* AppDelegate.swift in Sources */ = {isa = PBXBuildFile; fileRef = 14373936251FAEC400976D0B /* AppDelegate.swift */; };
		14373939251FAEC400976D0B /* SceneDelegate.swift in Sources */ = {isa = PBXBuildFile; fileRef = 14373938251FAEC400976D0B /* SceneDelegate.swift */; };
		1437393B251FAEC400976D0B /* LoginFormController.swift in Sources */ = {isa = PBXBuildFile; fileRef = 1437393A251FAEC400976D0B /* LoginFormController.swift */; };
		1437393E251FAEC400976D0B /* Main.storyboard in Resources */ = {isa = PBXBuildFile; fileRef = 1437393C251FAEC400976D0B /* Main.storyboard */; };
		14373940251FAEC500976D0B /* Assets.xcassets in Resources */ = {isa = PBXBuildFile; fileRef = 1437393F251FAEC500976D0B /* Assets.xcassets */; };
		14373943251FAEC500976D0B /* LaunchScreen.storyboard in Resources */ = {isa = PBXBuildFile; fileRef = 14373941251FAEC500976D0B /* LaunchScreen.storyboard */; };
		14B4D61D2525DD1B00186787 /* MyGroupTableViewController.swift in Sources */ = {isa = PBXBuildFile; fileRef = 14B4D61C2525DD1B00186787 /* MyGroupTableViewController.swift */; };
		14B4D6212525DF1300186787 /* MyGroupTableViewCell.swift in Sources */ = {isa = PBXBuildFile; fileRef = 14B4D61F2525DF1300186787 /* MyGroupTableViewCell.swift */; };
		14B4D6222525DF1300186787 /* MyGroupTableViewCell.xib in Resources */ = {isa = PBXBuildFile; fileRef = 14B4D6202525DF1300186787 /* MyGroupTableViewCell.xib */; };
		14B4D6262525DF7F00186787 /* AllGroupTableViewController.swift in Sources */ = {isa = PBXBuildFile; fileRef = 14B4D6252525DF7F00186787 /* AllGroupTableViewController.swift */; };
		14B4D62B2525DF9800186787 /* AllGroupTableViewCell.swift in Sources */ = {isa = PBXBuildFile; fileRef = 14B4D6292525DF9800186787 /* AllGroupTableViewCell.swift */; };
		14B4D62C2525DF9800186787 /* AllGroupTableViewCell.xib in Resources */ = {isa = PBXBuildFile; fileRef = 14B4D62A2525DF9800186787 /* AllGroupTableViewCell.xib */; };
		14B4D6312525DFF900186787 /* MyFriendsTableViewController.swift in Sources */ = {isa = PBXBuildFile; fileRef = 14B4D6302525DFF900186787 /* MyFriendsTableViewController.swift */; };
		14B4D6352525E03800186787 /* MyFriendsTableViewCell.swift in Sources */ = {isa = PBXBuildFile; fileRef = 14B4D6332525E03800186787 /* MyFriendsTableViewCell.swift */; };
		14B4D6362525E03800186787 /* MyFriendsTableViewCell.xib in Resources */ = {isa = PBXBuildFile; fileRef = 14B4D6342525E03800186787 /* MyFriendsTableViewCell.xib */; };
		14B4D63A2525E06000186787 /* FriendsImagesCollectionViewController.swift in Sources */ = {isa = PBXBuildFile; fileRef = 14B4D6392525E06000186787 /* FriendsImagesCollectionViewController.swift */; };
		14B4D63E2525E09500186787 /* FriendsImagesCollectionViewCell.swift in Sources */ = {isa = PBXBuildFile; fileRef = 14B4D63C2525E09500186787 /* FriendsImagesCollectionViewCell.swift */; };
		14B4D6422525E0B700186787 /* Constants.swift in Sources */ = {isa = PBXBuildFile; fileRef = 14B4D6412525E0B700186787 /* Constants.swift */; };
		14C2C653252F0D5D003A3349 /* AvatarView.swift in Sources */ = {isa = PBXBuildFile; fileRef = 14C2C652252F0D5D003A3349 /* AvatarView.swift */; };
		14DAE2D8252F4EA10034C0B6 /* LibreBaskerville-Regular.ttf in Resources */ = {isa = PBXBuildFile; fileRef = 14DAE2D5252F4EA10034C0B6 /* LibreBaskerville-Regular.ttf */; };
		14DAE2D9252F4EA10034C0B6 /* LibreBaskerville-Italic.ttf in Resources */ = {isa = PBXBuildFile; fileRef = 14DAE2D6252F4EA10034C0B6 /* LibreBaskerville-Italic.ttf */; };
		14DAE2DA252F4EA10034C0B6 /* LibreBaskerville-Bold.ttf in Resources */ = {isa = PBXBuildFile; fileRef = 14DAE2D7252F4EA10034C0B6 /* LibreBaskerville-Bold.ttf */; };
		14DAE2E3252F56790034C0B6 /* LDGradientView.swift in Sources */ = {isa = PBXBuildFile; fileRef = 14DAE2E2252F56790034C0B6 /* LDGradientView.swift */; };
/* End PBXBuildFile section */

/* Begin PBXFileReference section */
		1429AD1F2529D22000B2E0F7 /* UserStruct.swift */ = {isa = PBXFileReference; lastKnownFileType = sourcecode.swift; path = UserStruct.swift; sourceTree = "<group>"; };
		1429AD222529D23400B2E0F7 /* GroupStruct.swift */ = {isa = PBXFileReference; lastKnownFileType = sourcecode.swift; path = GroupStruct.swift; sourceTree = "<group>"; };
		14373933251FAEC400976D0B /* NuclearSocialNetwork.app */ = {isa = PBXFileReference; explicitFileType = wrapper.application; includeInIndex = 0; path = NuclearSocialNetwork.app; sourceTree = BUILT_PRODUCTS_DIR; };
		14373936251FAEC400976D0B /* AppDelegate.swift */ = {isa = PBXFileReference; lastKnownFileType = sourcecode.swift; path = AppDelegate.swift; sourceTree = "<group>"; };
		14373938251FAEC400976D0B /* SceneDelegate.swift */ = {isa = PBXFileReference; lastKnownFileType = sourcecode.swift; path = SceneDelegate.swift; sourceTree = "<group>"; };
		1437393A251FAEC400976D0B /* LoginFormController.swift */ = {isa = PBXFileReference; lastKnownFileType = sourcecode.swift; path = LoginFormController.swift; sourceTree = "<group>"; };
		1437393D251FAEC400976D0B /* Base */ = {isa = PBXFileReference; lastKnownFileType = file.storyboard; name = Base; path = Base.lproj/Main.storyboard; sourceTree = "<group>"; };
		1437393F251FAEC500976D0B /* Assets.xcassets */ = {isa = PBXFileReference; lastKnownFileType = folder.assetcatalog; path = Assets.xcassets; sourceTree = "<group>"; };
		14373942251FAEC500976D0B /* Base */ = {isa = PBXFileReference; lastKnownFileType = file.storyboard; name = Base; path = Base.lproj/LaunchScreen.storyboard; sourceTree = "<group>"; };
		14373944251FAEC500976D0B /* Info.plist */ = {isa = PBXFileReference; lastKnownFileType = text.plist.xml; path = Info.plist; sourceTree = "<group>"; };
		14B4D61C2525DD1B00186787 /* MyGroupTableViewController.swift */ = {isa = PBXFileReference; lastKnownFileType = sourcecode.swift; path = MyGroupTableViewController.swift; sourceTree = "<group>"; };
		14B4D61F2525DF1300186787 /* MyGroupTableViewCell.swift */ = {isa = PBXFileReference; lastKnownFileType = sourcecode.swift; path = MyGroupTableViewCell.swift; sourceTree = "<group>"; };
		14B4D6202525DF1300186787 /* MyGroupTableViewCell.xib */ = {isa = PBXFileReference; lastKnownFileType = file.xib; path = MyGroupTableViewCell.xib; sourceTree = "<group>"; };
		14B4D6252525DF7F00186787 /* AllGroupTableViewController.swift */ = {isa = PBXFileReference; lastKnownFileType = sourcecode.swift; path = AllGroupTableViewController.swift; sourceTree = "<group>"; };
		14B4D6292525DF9800186787 /* AllGroupTableViewCell.swift */ = {isa = PBXFileReference; lastKnownFileType = sourcecode.swift; path = AllGroupTableViewCell.swift; sourceTree = "<group>"; };
		14B4D62A2525DF9800186787 /* AllGroupTableViewCell.xib */ = {isa = PBXFileReference; lastKnownFileType = file.xib; path = AllGroupTableViewCell.xib; sourceTree = "<group>"; };
		14B4D6302525DFF900186787 /* MyFriendsTableViewController.swift */ = {isa = PBXFileReference; lastKnownFileType = sourcecode.swift; path = MyFriendsTableViewController.swift; sourceTree = "<group>"; };
		14B4D6332525E03800186787 /* MyFriendsTableViewCell.swift */ = {isa = PBXFileReference; lastKnownFileType = sourcecode.swift; path = MyFriendsTableViewCell.swift; sourceTree = "<group>"; };
		14B4D6342525E03800186787 /* MyFriendsTableViewCell.xib */ = {isa = PBXFileReference; lastKnownFileType = file.xib; path = MyFriendsTableViewCell.xib; sourceTree = "<group>"; };
		14B4D6392525E06000186787 /* FriendsImagesCollectionViewController.swift */ = {isa = PBXFileReference; lastKnownFileType = sourcecode.swift; path = FriendsImagesCollectionViewController.swift; sourceTree = "<group>"; };
		14B4D63C2525E09500186787 /* FriendsImagesCollectionViewCell.swift */ = {isa = PBXFileReference; lastKnownFileType = sourcecode.swift; path = FriendsImagesCollectionViewCell.swift; sourceTree = "<group>"; };
		14B4D6412525E0B700186787 /* Constants.swift */ = {isa = PBXFileReference; lastKnownFileType = sourcecode.swift; path = Constants.swift; sourceTree = "<group>"; };
		14C2C652252F0D5D003A3349 /* AvatarView.swift */ = {isa = PBXFileReference; lastKnownFileType = sourcecode.swift; path = AvatarView.swift; sourceTree = "<group>"; };
		14DAE2D5252F4EA10034C0B6 /* LibreBaskerville-Regular.ttf */ = {isa = PBXFileReference; lastKnownFileType = file; name = "LibreBaskerville-Regular.ttf"; path = "media/fonts/LibreBaskerville-Regular.ttf"; sourceTree = SOURCE_ROOT; };
		14DAE2D6252F4EA10034C0B6 /* LibreBaskerville-Italic.ttf */ = {isa = PBXFileReference; lastKnownFileType = file; name = "LibreBaskerville-Italic.ttf"; path = "media/fonts/LibreBaskerville-Italic.ttf"; sourceTree = SOURCE_ROOT; };
		14DAE2D7252F4EA10034C0B6 /* LibreBaskerville-Bold.ttf */ = {isa = PBXFileReference; lastKnownFileType = file; name = "LibreBaskerville-Bold.ttf"; path = "media/fonts/LibreBaskerville-Bold.ttf"; sourceTree = SOURCE_ROOT; };
		14DAE2E2252F56790034C0B6 /* LDGradientView.swift */ = {isa = PBXFileReference; lastKnownFileType = sourcecode.swift; path = LDGradientView.swift; sourceTree = "<group>"; };
/* End PBXFileReference section */

/* Begin PBXFrameworksBuildPhase section */
		14373930251FAEC400976D0B /* Frameworks */ = {
			isa = PBXFrameworksBuildPhase;
			buildActionMask = 2147483647;
			files = (
			);
			runOnlyForDeploymentPostprocessing = 0;
		};
/* End PBXFrameworksBuildPhase section */

/* Begin PBXGroup section */
		142FA7A4252225B50093EC69 /* Controllers */ = {
			isa = PBXGroup;
			children = (
				1437393A251FAEC400976D0B /* LoginFormController.swift */,
				14B4D62F2525DFCD00186787 /* FriendsImages */,
				14B4D62E2525DFBE00186787 /* MyFriends */,
				14B4D6242525DF2700186787 /* AllGroup */,
				14B4D6172525DC6000186787 /* MyGroup */,
			);
			path = Controllers;
			sourceTree = "<group>";
		};
		1437392A251FAEC400976D0B = {
			isa = PBXGroup;
			children = (
				14373935251FAEC400976D0B /* NuclearSocialNetwork */,
				14373934251FAEC400976D0B /* Products */,
			);
			sourceTree = "<group>";
		};
		14373934251FAEC400976D0B /* Products */ = {
			isa = PBXGroup;
			children = (
				14373933251FAEC400976D0B /* NuclearSocialNetwork.app */,
			);
			name = Products;
			sourceTree = "<group>";
		};
		14373935251FAEC400976D0B /* NuclearSocialNetwork */ = {
			isa = PBXGroup;
			children = (
				14373936251FAEC400976D0B /* AppDelegate.swift */,
				14373938251FAEC400976D0B /* SceneDelegate.swift */,
				1471C5912522262500A3FF7F /* Models */,
				1471C5902522260D00A3FF7F /* Views */,
				142FA7A4252225B50093EC69 /* Controllers */,
				1437393F251FAEC500976D0B /* Assets.xcassets */,
				14373941251FAEC500976D0B /* LaunchScreen.storyboard */,
				14373944251FAEC500976D0B /* Info.plist */,
			);
			path = NuclearSocialNetwork;
			sourceTree = "<group>";
		};
		1471C5902522260D00A3FF7F /* Views */ = {
			isa = PBXGroup;
			children = (
				1437393C251FAEC400976D0B /* Main.storyboard */,
			);
			path = Views;
			sourceTree = "<group>";
		};
		1471C5912522262500A3FF7F /* Models */ = {
			isa = PBXGroup;
			children = (
				14DAE2D4252F4E880034C0B6 /* Fonts */,
				14B4D6412525E0B700186787 /* Constants.swift */,
				14DAE2DC252F55450034C0B6 /* MyStructs */,
				14C2C652252F0D5D003A3349 /* AvatarView.swift */,
				14DAE2E2252F56790034C0B6 /* LDGradientView.swift */,
			);
			path = Models;
			sourceTree = "<group>";
		};
		14B4D6172525DC6000186787 /* MyGroup */ = {
			isa = PBXGroup;
			children = (
				14B4D61C2525DD1B00186787 /* MyGroupTableViewController.swift */,
				14B4D61F2525DF1300186787 /* MyGroupTableViewCell.swift */,
				14B4D6202525DF1300186787 /* MyGroupTableViewCell.xib */,
			);
			path = MyGroup;
			sourceTree = "<group>";
		};
		14B4D6242525DF2700186787 /* AllGroup */ = {
			isa = PBXGroup;
			children = (
				14B4D6252525DF7F00186787 /* AllGroupTableViewController.swift */,
				14B4D6292525DF9800186787 /* AllGroupTableViewCell.swift */,
				14B4D62A2525DF9800186787 /* AllGroupTableViewCell.xib */,
			);
			path = AllGroup;
			sourceTree = "<group>";
		};
		14B4D62E2525DFBE00186787 /* MyFriends */ = {
			isa = PBXGroup;
			children = (
				14B4D6302525DFF900186787 /* MyFriendsTableViewController.swift */,
				14B4D6332525E03800186787 /* MyFriendsTableViewCell.swift */,
				14B4D6342525E03800186787 /* MyFriendsTableViewCell.xib */,
			);
			path = MyFriends;
			sourceTree = "<group>";
		};
		14B4D62F2525DFCD00186787 /* FriendsImages */ = {
			isa = PBXGroup;
			children = (
				14B4D6392525E06000186787 /* FriendsImagesCollectionViewController.swift */,
				14B4D63C2525E09500186787 /* FriendsImagesCollectionViewCell.swift */,
			);
			path = FriendsImages;
			sourceTree = "<group>";
		};
		14DAE2D4252F4E880034C0B6 /* Fonts */ = {
			isa = PBXGroup;
			children = (
				14DAE2D7252F4EA10034C0B6 /* LibreBaskerville-Bold.ttf */,
				14DAE2D6252F4EA10034C0B6 /* LibreBaskerville-Italic.ttf */,
				14DAE2D5252F4EA10034C0B6 /* LibreBaskerville-Regular.ttf */,
			);
			path = Fonts;
			sourceTree = "<group>";
		};
		14DAE2DC252F55450034C0B6 /* MyStructs */ = {
			isa = PBXGroup;
			children = (
				1429AD1F2529D22000B2E0F7 /* UserStruct.swift */,
				1429AD222529D23400B2E0F7 /* GroupStruct.swift */,
			);
			path = MyStructs;
			sourceTree = "<group>";
		};
/* End PBXGroup section */

/* Begin PBXNativeTarget section */
		14373932251FAEC400976D0B /* NuclearSocialNetwork */ = {
			isa = PBXNativeTarget;
			buildConfigurationList = 14373947251FAEC500976D0B /* Build configuration list for PBXNativeTarget "NuclearSocialNetwork" */;
			buildPhases = (
				1437392F251FAEC400976D0B /* Sources */,
				14373930251FAEC400976D0B /* Frameworks */,
				14373931251FAEC400976D0B /* Resources */,
			);
			buildRules = (
			);
			dependencies = (
			);
			name = NuclearSocialNetwork;
			productName = SocialAppVK;
			productReference = 14373933251FAEC400976D0B /* NuclearSocialNetwork.app */;
			productType = "com.apple.product-type.application";
		};
/* End PBXNativeTarget section */

/* Begin PBXProject section */
		1437392B251FAEC400976D0B /* Project object */ = {
			isa = PBXProject;
			attributes = {
				LastSwiftUpdateCheck = 1200;
				LastUpgradeCheck = 1200;
				TargetAttributes = {
					14373932251FAEC400976D0B = {
						CreatedOnToolsVersion = 12.0.1;
					};
				};
			};
			buildConfigurationList = 1437392E251FAEC400976D0B /* Build configuration list for PBXProject "NuclearSocialNetwork" */;
			compatibilityVersion = "Xcode 9.3";
			developmentRegion = en;
			hasScannedForEncodings = 0;
			knownRegions = (
				en,
				Base,
			);
			mainGroup = 1437392A251FAEC400976D0B;
			productRefGroup = 14373934251FAEC400976D0B /* Products */;
			projectDirPath = "";
			projectRoot = "";
			targets = (
				14373932251FAEC400976D0B /* NuclearSocialNetwork */,
			);
		};
/* End PBXProject section */

/* Begin PBXResourcesBuildPhase section */
		14373931251FAEC400976D0B /* Resources */ = {
			isa = PBXResourcesBuildPhase;
			buildActionMask = 2147483647;
			files = (
				14373943251FAEC500976D0B /* LaunchScreen.storyboard in Resources */,
				14DAE2D8252F4EA10034C0B6 /* LibreBaskerville-Regular.ttf in Resources */,
				14B4D62C2525DF9800186787 /* AllGroupTableViewCell.xib in Resources */,
				14373940251FAEC500976D0B /* Assets.xcassets in Resources */,
				14DAE2D9252F4EA10034C0B6 /* LibreBaskerville-Italic.ttf in Resources */,
				14DAE2DA252F4EA10034C0B6 /* LibreBaskerville-Bold.ttf in Resources */,
				1437393E251FAEC400976D0B /* Main.storyboard in Resources */,
				14B4D6222525DF1300186787 /* MyGroupTableViewCell.xib in Resources */,
				14B4D6362525E03800186787 /* MyFriendsTableViewCell.xib in Resources */,
			);
			runOnlyForDeploymentPostprocessing = 0;
		};
/* End PBXResourcesBuildPhase section */

/* Begin PBXSourcesBuildPhase section */
		1437392F251FAEC400976D0B /* Sources */ = {
			isa = PBXSourcesBuildPhase;
			buildActionMask = 2147483647;
			files = (
				1437393B251FAEC400976D0B /* LoginFormController.swift in Sources */,
				1429AD202529D22000B2E0F7 /* UserStruct.swift in Sources */,
				14373937251FAEC400976D0B /* AppDelegate.swift in Sources */,
				14373939251FAEC400976D0B /* SceneDelegate.swift in Sources */,
				14B4D6212525DF1300186787 /* MyGroupTableViewCell.swift in Sources */,
				14B4D63E2525E09500186787 /* FriendsImagesCollectionViewCell.swift in Sources */,
				1429AD232529D23400B2E0F7 /* GroupStruct.swift in Sources */,
				14DAE2E3252F56790034C0B6 /* LDGradientView.swift in Sources */,
				14B4D6352525E03800186787 /* MyFriendsTableViewCell.swift in Sources */,
				14B4D6422525E0B700186787 /* Constants.swift in Sources */,
				14B4D61D2525DD1B00186787 /* MyGroupTableViewController.swift in Sources */,
				14B4D6262525DF7F00186787 /* AllGroupTableViewController.swift in Sources */,
				14B4D63A2525E06000186787 /* FriendsImagesCollectionViewController.swift in Sources */,
				14B4D62B2525DF9800186787 /* AllGroupTableViewCell.swift in Sources */,
				14C2C653252F0D5D003A3349 /* AvatarView.swift in Sources */,
				14B4D6312525DFF900186787 /* MyFriendsTableViewController.swift in Sources */,
			);
			runOnlyForDeploymentPostprocessing = 0;
		};
/* End PBXSourcesBuildPhase section */

/* Begin PBXVariantGroup section */
		1437393C251FAEC400976D0B /* Main.storyboard */ = {
			isa = PBXVariantGroup;
			children = (
				1437393D251FAEC400976D0B /* Base */,
			);
			name = Main.storyboard;
			sourceTree = "<group>";
		};
		14373941251FAEC500976D0B /* LaunchScreen.storyboard */ = {
			isa = PBXVariantGroup;
			children = (
				14373942251FAEC500976D0B /* Base */,
			);
			name = LaunchScreen.storyboard;
			sourceTree = "<group>";
		};
/* End PBXVariantGroup section */

/* Begin XCBuildConfiguration section */
		14373945251FAEC500976D0B /* Debug */ = {
			isa = XCBuildConfiguration;
			buildSettings = {
				ALWAYS_SEARCH_USER_PATHS = NO;
				CLANG_ANALYZER_NONNULL = YES;
				CLANG_ANALYZER_NUMBER_OBJECT_CONVERSION = YES_AGGRESSIVE;
				CLANG_CXX_LANGUAGE_STANDARD = "gnu++14";
				CLANG_CXX_LIBRARY = "libc++";
				CLANG_ENABLE_MODULES = YES;
				CLANG_ENABLE_OBJC_ARC = YES;
				CLANG_ENABLE_OBJC_WEAK = YES;
				CLANG_WARN_BLOCK_CAPTURE_AUTORELEASING = YES;
				CLANG_WARN_BOOL_CONVERSION = YES;
				CLANG_WARN_COMMA = YES;
				CLANG_WARN_CONSTANT_CONVERSION = YES;
				CLANG_WARN_DEPRECATED_OBJC_IMPLEMENTATIONS = YES;
				CLANG_WARN_DIRECT_OBJC_ISA_USAGE = YES_ERROR;
				CLANG_WARN_DOCUMENTATION_COMMENTS = YES;
				CLANG_WARN_EMPTY_BODY = YES;
				CLANG_WARN_ENUM_CONVERSION = YES;
				CLANG_WARN_INFINITE_RECURSION = YES;
				CLANG_WARN_INT_CONVERSION = YES;
				CLANG_WARN_NON_LITERAL_NULL_CONVERSION = YES;
				CLANG_WARN_OBJC_IMPLICIT_RETAIN_SELF = YES;
				CLANG_WARN_OBJC_LITERAL_CONVERSION = YES;
				CLANG_WARN_OBJC_ROOT_CLASS = YES_ERROR;
				CLANG_WARN_QUOTED_INCLUDE_IN_FRAMEWORK_HEADER = YES;
				CLANG_WARN_RANGE_LOOP_ANALYSIS = YES;
				CLANG_WARN_STRICT_PROTOTYPES = YES;
				CLANG_WARN_SUSPICIOUS_MOVE = YES;
				CLANG_WARN_UNGUARDED_AVAILABILITY = YES_AGGRESSIVE;
				CLANG_WARN_UNREACHABLE_CODE = YES;
				CLANG_WARN__DUPLICATE_METHOD_MATCH = YES;
				COPY_PHASE_STRIP = NO;
				DEBUG_INFORMATION_FORMAT = dwarf;
				ENABLE_STRICT_OBJC_MSGSEND = YES;
				ENABLE_TESTABILITY = YES;
				GCC_C_LANGUAGE_STANDARD = gnu11;
				GCC_DYNAMIC_NO_PIC = NO;
				GCC_NO_COMMON_BLOCKS = YES;
				GCC_OPTIMIZATION_LEVEL = 0;
				GCC_PREPROCESSOR_DEFINITIONS = (
					"DEBUG=1",
					"$(inherited)",
				);
				GCC_WARN_64_TO_32_BIT_CONVERSION = YES;
				GCC_WARN_ABOUT_RETURN_TYPE = YES_ERROR;
				GCC_WARN_UNDECLARED_SELECTOR = YES;
				GCC_WARN_UNINITIALIZED_AUTOS = YES_AGGRESSIVE;
				GCC_WARN_UNUSED_FUNCTION = YES;
				GCC_WARN_UNUSED_VARIABLE = YES;
				IPHONEOS_DEPLOYMENT_TARGET = 14.0;
				MTL_ENABLE_DEBUG_INFO = INCLUDE_SOURCE;
				MTL_FAST_MATH = YES;
				ONLY_ACTIVE_ARCH = YES;
				SDKROOT = iphoneos;
				SWIFT_ACTIVE_COMPILATION_CONDITIONS = DEBUG;
				SWIFT_OPTIMIZATION_LEVEL = "-Onone";
			};
			name = Debug;
		};
		14373946251FAEC500976D0B /* Release */ = {
			isa = XCBuildConfiguration;
			buildSettings = {
				ALWAYS_SEARCH_USER_PATHS = NO;
				CLANG_ANALYZER_NONNULL = YES;
				CLANG_ANALYZER_NUMBER_OBJECT_CONVERSION = YES_AGGRESSIVE;
				CLANG_CXX_LANGUAGE_STANDARD = "gnu++14";
				CLANG_CXX_LIBRARY = "libc++";
				CLANG_ENABLE_MODULES = YES;
				CLANG_ENABLE_OBJC_ARC = YES;
				CLANG_ENABLE_OBJC_WEAK = YES;
				CLANG_WARN_BLOCK_CAPTURE_AUTORELEASING = YES;
				CLANG_WARN_BOOL_CONVERSION = YES;
				CLANG_WARN_COMMA = YES;
				CLANG_WARN_CONSTANT_CONVERSION = YES;
				CLANG_WARN_DEPRECATED_OBJC_IMPLEMENTATIONS = YES;
				CLANG_WARN_DIRECT_OBJC_ISA_USAGE = YES_ERROR;
				CLANG_WARN_DOCUMENTATION_COMMENTS = YES;
				CLANG_WARN_EMPTY_BODY = YES;
				CLANG_WARN_ENUM_CONVERSION = YES;
				CLANG_WARN_INFINITE_RECURSION = YES;
				CLANG_WARN_INT_CONVERSION = YES;
				CLANG_WARN_NON_LITERAL_NULL_CONVERSION = YES;
				CLANG_WARN_OBJC_IMPLICIT_RETAIN_SELF = YES;
				CLANG_WARN_OBJC_LITERAL_CONVERSION = YES;
				CLANG_WARN_OBJC_ROOT_CLASS = YES_ERROR;
				CLANG_WARN_QUOTED_INCLUDE_IN_FRAMEWORK_HEADER = YES;
				CLANG_WARN_RANGE_LOOP_ANALYSIS = YES;
				CLANG_WARN_STRICT_PROTOTYPES = YES;
				CLANG_WARN_SUSPICIOUS_MOVE = YES;
				CLANG_WARN_UNGUARDED_AVAILABILITY = YES_AGGRESSIVE;
				CLANG_WARN_UNREACHABLE_CODE = YES;
				CLANG_WARN__DUPLICATE_METHOD_MATCH = YES;
				COPY_PHASE_STRIP = NO;
				DEBUG_INFORMATION_FORMAT = "dwarf-with-dsym";
				ENABLE_NS_ASSERTIONS = NO;
				ENABLE_STRICT_OBJC_MSGSEND = YES;
				GCC_C_LANGUAGE_STANDARD = gnu11;
				GCC_NO_COMMON_BLOCKS = YES;
				GCC_WARN_64_TO_32_BIT_CONVERSION = YES;
				GCC_WARN_ABOUT_RETURN_TYPE = YES_ERROR;
				GCC_WARN_UNDECLARED_SELECTOR = YES;
				GCC_WARN_UNINITIALIZED_AUTOS = YES_AGGRESSIVE;
				GCC_WARN_UNUSED_FUNCTION = YES;
				GCC_WARN_UNUSED_VARIABLE = YES;
				IPHONEOS_DEPLOYMENT_TARGET = 14.0;
				MTL_ENABLE_DEBUG_INFO = NO;
				MTL_FAST_MATH = YES;
				SDKROOT = iphoneos;
				SWIFT_COMPILATION_MODE = wholemodule;
				SWIFT_OPTIMIZATION_LEVEL = "-O";
				VALIDATE_PRODUCT = YES;
			};
			name = Release;
		};
		14373948251FAEC500976D0B /* Debug */ = {
			isa = XCBuildConfiguration;
			buildSettings = {
				ASSETCATALOG_COMPILER_APPICON_NAME = AppIcon;
				ASSETCATALOG_COMPILER_GLOBAL_ACCENT_COLOR_NAME = AccentColor;
				CODE_SIGN_STYLE = Automatic;
				INFOPLIST_FILE = "$(SRCROOT)/NuclearSocialNetwork/Info.plist";
				LD_RUNPATH_SEARCH_PATHS = (
					"$(inherited)",
					"@executable_path/Frameworks",
				);
				PRODUCT_BUNDLE_IDENTIFIER = HellizarApps.SocialAppVK;
				PRODUCT_NAME = "$(TARGET_NAME)";
				SWIFT_VERSION = 5.0;
				TARGETED_DEVICE_FAMILY = 1;
			};
			name = Debug;
		};
		14373949251FAEC500976D0B /* Release */ = {
			isa = XCBuildConfiguration;
			buildSettings = {
				ASSETCATALOG_COMPILER_APPICON_NAME = AppIcon;
				ASSETCATALOG_COMPILER_GLOBAL_ACCENT_COLOR_NAME = AccentColor;
				CODE_SIGN_STYLE = Automatic;
				INFOPLIST_FILE = "$(SRCROOT)/NuclearSocialNetwork/Info.plist";
				LD_RUNPATH_SEARCH_PATHS = (
					"$(inherited)",
					"@executable_path/Frameworks",
				);
				PRODUCT_BUNDLE_IDENTIFIER = HellizarApps.SocialAppVK;
				PRODUCT_NAME = "$(TARGET_NAME)";
				SWIFT_VERSION = 5.0;
				TARGETED_DEVICE_FAMILY = 1;
			};
			name = Release;
		};
/* End XCBuildConfiguration section */

/* Begin XCConfigurationList section */
		1437392E251FAEC400976D0B /* Build configuration list for PBXProject "NuclearSocialNetwork" */ = {
			isa = XCConfigurationList;
			buildConfigurations = (
				14373945251FAEC500976D0B /* Debug */,
				14373946251FAEC500976D0B /* Release */,
			);
			defaultConfigurationIsVisible = 0;
			defaultConfigurationName = Release;
		};
		14373947251FAEC500976D0B /* Build configuration list for PBXNativeTarget "NuclearSocialNetwork" */ = {
			isa = XCConfigurationList;
			buildConfigurations = (
				14373948251FAEC500976D0B /* Debug */,
				14373949251FAEC500976D0B /* Release */,
			);
			defaultConfigurationIsVisible = 0;
			defaultConfigurationName = Release;
		};
/* End XCConfigurationList section */
	};
	rootObject = 1437392B251FAEC400976D0B /* Project object */;
}
